{
  "pins" : [
    {
      "identity" : "mobile-analytics-sdk",
      "kind" : "remoteSourceControl",
      "location" : "https://github.com/DayMarket/mobile-analytics-sdk",
      "state" : {
        "branch" : "master",
        "revision" : "a57287ecaa07af01825da22a5f06ce5ca54270dc"
      }
    }
  ],
  "version" : 2
}
