{
  "pins" : [
    {
      "identity" : "mobile-analytics-sdk",
      "kind" : "remoteSourceControl",
      "location" : "https://github.com/DayMarket/mobile-analytics-sdk",
      "state" : {
        "branch" : "swiftpackage",
        "revision" : "99ab1f6c5f5c63b2c250d59ce240966108319256"
      }
    }
  ],
  "version" : 2
}
